
Microsoft Visual Studio Solution File, Format Version 11.00
# Visual Studio 2010
Project("{CC5FD16D-436D-48AD-A40C-5A424C6E3E79}") = "WindowsAzure1", "WindowsAzure1\WindowsAzure1.ccproj", "{A7181425-6837-40FA-BBE3-407293555A47}"
EndProject
Project("{FAE04EC0-301F-11D3-BF4B-00C04F79EFBC}") = "WCFServiceWebRole1", "WCFServiceWebRole1\WCFServiceWebRole1.csproj", "{05E3684B-F9F4-453F-964C-7990F39A9A59}"
EndProject
Project("{FAE04EC0-301F-11D3-BF4B-00C04F79EFBC}") = "ConsoleApplication1", "ConsoleApplication1\ConsoleApplication1.csproj", "{0D7DA462-2C5C-4219-9E97-B2A41D4DE907}"
EndProject
Project("{FAE04EC0-301F-11D3-BF4B-00C04F79EFBC}") = "DataBoundApp1", "DataBoundApp1\DataBoundApp1.csproj", "{60EAD082-DC61-4346-BCB7-F81820E3B493}"
	ProjectSection(ProjectDependencies) = postProject
		{05E3684B-F9F4-453F-964C-7990F39A9A59} = {05E3684B-F9F4-453F-964C-7990F39A9A59}
	EndProjectSection
EndProject
Global
	GlobalSection(SolutionConfigurationPlatforms) = preSolution
		Debug|Any CPU = Debug|Any CPU
		Debug|Mixed Platforms = Debug|Mixed Platforms
		Debug|x86 = Debug|x86
		Release|Any CPU = Release|Any CPU
		Release|Mixed Platforms = Release|Mixed Platforms
		Release|x86 = Release|x86
	EndGlobalSection
	GlobalSection(ProjectConfigurationPlatforms) = postSolution
		{A7181425-6837-40FA-BBE3-407293555A47}.Debug|Any CPU.ActiveCfg = Debug|Any CPU
		{A7181425-6837-40FA-BBE3-407293555A47}.Debug|Any CPU.Build.0 = Debug|Any CPU
		{A7181425-6837-40FA-BBE3-407293555A47}.Debug|Mixed Platforms.ActiveCfg = Debug|Any CPU
		{A7181425-6837-40FA-BBE3-407293555A47}.Debug|Mixed Platforms.Build.0 = Debug|Any CPU
		{A7181425-6837-40FA-BBE3-407293555A47}.Debug|x86.ActiveCfg = Debug|Any CPU
		{A7181425-6837-40FA-BBE3-407293555A47}.Release|Any CPU.ActiveCfg = Release|Any CPU
		{A7181425-6837-40FA-BBE3-407293555A47}.Release|Any CPU.Build.0 = Release|Any CPU
		{A7181425-6837-40FA-BBE3-407293555A47}.Release|Mixed Platforms.ActiveCfg = Release|Any CPU
		{A7181425-6837-40FA-BBE3-407293555A47}.Release|Mixed Platforms.Build.0 = Release|Any CPU
		{A7181425-6837-40FA-BBE3-407293555A47}.Release|x86.ActiveCfg = Release|Any CPU
		{05E3684B-F9F4-453F-964C-7990F39A9A59}.Debug|Any CPU.ActiveCfg = Debug|Any CPU
		{05E3684B-F9F4-453F-964C-7990F39A9A59}.Debug|Any CPU.Build.0 = Debug|Any CPU
		{05E3684B-F9F4-453F-964C-7990F39A9A59}.Debug|Mixed Platforms.ActiveCfg = Debug|Any CPU
		{05E3684B-F9F4-453F-964C-7990F39A9A59}.Debug|Mixed Platforms.Build.0 = Debug|Any CPU
		{05E3684B-F9F4-453F-964C-7990F39A9A59}.Debug|x86.ActiveCfg = Debug|Any CPU
		{05E3684B-F9F4-453F-964C-7990F39A9A59}.Release|Any CPU.ActiveCfg = Release|Any CPU
		{05E3684B-F9F4-453F-964C-7990F39A9A59}.Release|Any CPU.Build.0 = Release|Any CPU
		{05E3684B-F9F4-453F-964C-7990F39A9A59}.Release|Mixed Platforms.ActiveCfg = Release|Any CPU
		{05E3684B-F9F4-453F-964C-7990F39A9A59}.Release|Mixed Platforms.Build.0 = Release|Any CPU
		{05E3684B-F9F4-453F-964C-7990F39A9A59}.Release|x86.ActiveCfg = Release|Any CPU
		{0D7DA462-2C5C-4219-9E97-B2A41D4DE907}.Debug|Any CPU.ActiveCfg = Debug|x86
		{0D7DA462-2C5C-4219-9E97-B2A41D4DE907}.Debug|Mixed Platforms.ActiveCfg = Debug|x86
		{0D7DA462-2C5C-4219-9E97-B2A41D4DE907}.Debug|Mixed Platforms.Build.0 = Debug|x86
		{0D7DA462-2C5C-4219-9E97-B2A41D4DE907}.Debug|x86.ActiveCfg = Debug|x86
		{0D7DA462-2C5C-4219-9E97-B2A41D4DE907}.Debug|x86.Build.0 = Debug|x86
		{0D7DA462-2C5C-4219-9E97-B2A41D4DE907}.Release|Any CPU.ActiveCfg = Release|x86
		{0D7DA462-2C5C-4219-9E97-B2A41D4DE907}.Release|Mixed Platforms.ActiveCfg = Release|x86
		{0D7DA462-2C5C-4219-9E97-B2A41D4DE907}.Release|Mixed Platforms.Build.0 = Release|x86
		{0D7DA462-2C5C-4219-9E97-B2A41D4DE907}.Release|x86.ActiveCfg = Release|x86
		{0D7DA462-2C5C-4219-9E97-B2A41D4DE907}.Release|x86.Build.0 = Release|x86
		{60EAD082-DC61-4346-BCB7-F81820E3B493}.Debug|Any CPU.ActiveCfg = Debug|Any CPU
		{60EAD082-DC61-4346-BCB7-F81820E3B493}.Debug|Any CPU.Build.0 = Debug|Any CPU
		{60EAD082-DC61-4346-BCB7-F81820E3B493}.Debug|Any CPU.Deploy.0 = Debug|Any CPU
		{60EAD082-DC61-4346-BCB7-F81820E3B493}.Debug|Mixed Platforms.ActiveCfg = Debug|Any CPU
		{60EAD082-DC61-4346-BCB7-F81820E3B493}.Debug|Mixed Platforms.Build.0 = Debug|Any CPU
		{60EAD082-DC61-4346-BCB7-F81820E3B493}.Debug|Mixed Platforms.Deploy.0 = Debug|Any CPU
		{60EAD082-DC61-4346-BCB7-F81820E3B493}.Debug|x86.ActiveCfg = Debug|Any CPU
		{60EAD082-DC61-4346-BCB7-F81820E3B493}.Release|Any CPU.ActiveCfg = Release|Any CPU
		{60EAD082-DC61-4346-BCB7-F81820E3B493}.Release|Any CPU.Build.0 = Release|Any CPU
		{60EAD082-DC61-4346-BCB7-F81820E3B493}.Release|Any CPU.Deploy.0 = Release|Any CPU
		{60EAD082-DC61-4346-BCB7-F81820E3B493}.Release|Mixed Platforms.ActiveCfg = Release|Any CPU
		{60EAD082-DC61-4346-BCB7-F81820E3B493}.Release|Mixed Platforms.Build.0 = Release|Any CPU
		{60EAD082-DC61-4346-BCB7-F81820E3B493}.Release|Mixed Platforms.Deploy.0 = Release|Any CPU
		{60EAD082-DC61-4346-BCB7-F81820E3B493}.Release|x86.ActiveCfg = Release|Any CPU
	EndGlobalSection
	GlobalSection(SolutionProperties) = preSolution
		HideSolutionNode = FALSE
	EndGlobalSection
EndGlobal
